
Microsoft Visual Studio Solution File, Format Version 12.00
# Visual Studio Version 17
VisualStudioVersion = 17.5.002.0
MinimumVisualStudioVersion = 10.0.40219.1
Project("{9A19103F-16F7-4668-BE54-9A1E7A4F7556}") = "Chirp.CLI", "Chirp.CLI.csproj", "{A6267DB2-6D07-45D6-B257-50114E6A7F43}"
EndProject
Global
	GlobalSection(SolutionConfigurationPlatforms) = preSolution
		Debug|Any CPU = Debug|Any CPU
		Release|Any CPU = Release|Any CPU
	EndGlobalSection
	GlobalSection(ProjectConfigurationPlatforms) = postSolution
		{A6267DB2-6D07-45D6-B257-50114E6A7F43}.Debug|Any CPU.ActiveCfg = Debug|Any CPU
		{A6267DB2-6D07-45D6-B257-50114E6A7F43}.Debug|Any CPU.Build.0 = Debug|Any CPU
		{A6267DB2-6D07-45D6-B257-50114E6A7F43}.Release|Any CPU.ActiveCfg = Release|Any CPU
		{A6267DB2-6D07-45D6-B257-50114E6A7F43}.Release|Any CPU.Build.0 = Release|Any CPU
	EndGlobalSection
	GlobalSection(SolutionProperties) = preSolution
		HideSolutionNode = FALSE
	EndGlobalSection
	GlobalSection(ExtensibilityGlobals) = postSolution
		SolutionGuid = {01864497-7871-46E2-B58E-A262FD8598EE}
	EndGlobalSection
EndGlobal
